
Microsoft Visual Studio Solution File, Format Version 12.00
# Visual Studio 15
VisualStudioVersion = 15.0.28010.2041
MinimumVisualStudioVersion = 10.0.40219.1
Project("{FAE04EC0-301F-11D3-BF4B-00C04F79EFBC}") = "CakeStoreApi", "CakeStoreApi\CakeStoreApi.csproj", "{1A97CA20-0CC3-4B53-ABE8-38F68D709133}"
EndProject
Global
	GlobalSection(SolutionConfigurationPlatforms) = preSolution
		Debug|Any CPU = Debug|Any CPU
		Release|Any CPU = Release|Any CPU
	EndGlobalSection
	GlobalSection(ProjectConfigurationPlatforms) = postSolution
		{1A97CA20-0CC3-4B53-ABE8-38F68D709133}.Debug|Any CPU.ActiveCfg = Debug|Any CPU
		{1A97CA20-0CC3-4B53-ABE8-38F68D709133}.Debug|Any CPU.Build.0 = Debug|Any CPU
		{1A97CA20-0CC3-4B53-ABE8-38F68D709133}.Release|Any CPU.ActiveCfg = Release|Any CPU
		{1A97CA20-0CC3-4B53-ABE8-38F68D709133}.Release|Any CPU.Build.0 = Release|Any CPU
	EndGlobalSection
	GlobalSection(SolutionProperties) = preSolution
		HideSolutionNode = FALSE
	EndGlobalSection
	GlobalSection(ExtensibilityGlobals) = postSolution
		SolutionGuid = {627B76D8-2918-4326-97E3-00FBEF7B0E0F}
	EndGlobalSection
EndGlobal
